
Microsoft Visual Studio Solution File, Format Version 12.00
# Visual Studio Version 17
VisualStudioVersion = 17.12.35514.174 d17.12
MinimumVisualStudioVersion = 10.0.40219.1
Project("{FAE04EC0-301F-11D3-BF4B-00C04F79EFBC}") = "C43-G03-OOP04", "C43-G03-OOP04\C43-G03-OOP04.csproj", "{DEFAC9CB-AD34-4D61-87C8-BA656AF210AB}"
EndProject
Global
	GlobalSection(SolutionConfigurationPlatforms) = preSolution
		Debug|Any CPU = Debug|Any CPU
		Release|Any CPU = Release|Any CPU
	EndGlobalSection
	GlobalSection(ProjectConfigurationPlatforms) = postSolution
		{DEFAC9CB-AD34-4D61-87C8-BA656AF210AB}.Debug|Any CPU.ActiveCfg = Debug|Any CPU
		{DEFAC9CB-AD34-4D61-87C8-BA656AF210AB}.Debug|Any CPU.Build.0 = Debug|Any CPU
		{DEFAC9CB-AD34-4D61-87C8-BA656AF210AB}.Release|Any CPU.ActiveCfg = Release|Any CPU
		{DEFAC9CB-AD34-4D61-87C8-BA656AF210AB}.Release|Any CPU.Build.0 = Release|Any CPU
	EndGlobalSection
	GlobalSection(SolutionProperties) = preSolution
		HideSolutionNode = FALSE
	EndGlobalSection
EndGlobal
